
Microsoft Visual Studio Solution File, Format Version 12.00
# Visual Studio 15
VisualStudioVersion = 15.0.28307.102
MinimumVisualStudioVersion = 10.0.40219.1
Project("{FAE04EC0-301F-11D3-BF4B-00C04F79EFBC}") = "DicomPACS_Client", "DicomPACS_Client.csproj", "{EEC01F13-D8A2-4FCA-B893-3E450594EB8E}"
EndProject
Global
	GlobalSection(SolutionConfigurationPlatforms) = preSolution
		Debug|Any CPU = Debug|Any CPU
		Release|Any CPU = Release|Any CPU
	EndGlobalSection
	GlobalSection(ProjectConfigurationPlatforms) = postSolution
		{EEC01F13-D8A2-4FCA-B893-3E450594EB8E}.Debug|Any CPU.ActiveCfg = Debug|Any CPU
		{EEC01F13-D8A2-4FCA-B893-3E450594EB8E}.Debug|Any CPU.Build.0 = Debug|Any CPU
		{EEC01F13-D8A2-4FCA-B893-3E450594EB8E}.Release|Any CPU.ActiveCfg = Release|Any CPU
		{EEC01F13-D8A2-4FCA-B893-3E450594EB8E}.Release|Any CPU.Build.0 = Release|Any CPU
	EndGlobalSection
	GlobalSection(SolutionProperties) = preSolution
		HideSolutionNode = FALSE
	EndGlobalSection
	GlobalSection(ExtensibilityGlobals) = postSolution
		SolutionGuid = {77F43D38-28E4-4C16-A0BC-0939E1EC69B6}
	EndGlobalSection
EndGlobal
